
Microsoft Visual Studio Solution File, Format Version 12.00
# Visual Studio Version 16
VisualStudioVersion = 16.0.31515.178
MinimumVisualStudioVersion = 10.0.40219.1
Project("{FAE04EC0-301F-11D3-BF4B-00C04F79EFBC}") = "Coop", "Coop\Coop.csproj", "{307B521A-F32D-4B24-87FE-3C6C4D889538}"
EndProject
Global
	GlobalSection(SolutionConfigurationPlatforms) = preSolution
		Debug|Any CPU = Debug|Any CPU
		Release|Any CPU = Release|Any CPU
	EndGlobalSection
	GlobalSection(ProjectConfigurationPlatforms) = postSolution
		{307B521A-F32D-4B24-87FE-3C6C4D889538}.Debug|Any CPU.ActiveCfg = Debug|Any CPU
		{307B521A-F32D-4B24-87FE-3C6C4D889538}.Debug|Any CPU.Build.0 = Debug|Any CPU
		{307B521A-F32D-4B24-87FE-3C6C4D889538}.Release|Any CPU.ActiveCfg = Release|Any CPU
		{307B521A-F32D-4B24-87FE-3C6C4D889538}.Release|Any CPU.Build.0 = Release|Any CPU
	EndGlobalSection
	GlobalSection(SolutionProperties) = preSolution
		HideSolutionNode = FALSE
	EndGlobalSection
	GlobalSection(ExtensibilityGlobals) = postSolution
		SolutionGuid = {8D985246-4489-4AFE-9252-639409F70249}
	EndGlobalSection
EndGlobal
